// !$*UTF8*$!
{
	archiveVersion = 1;
	classes = {
	};
	objectVersion = 48;
	objects = {

/* Begin PBXBuildFile section */
		042D67E9210DB91400DF8FEF /* ViewController2.swift in Sources */ = {isa = PBXBuildFile; fileRef = 042D67E8210DB91400DF8FEF /* ViewController2.swift */; };
		042D67EE210DBB7E00DF8FEF /* LoginController.swift in Sources */ = {isa = PBXBuildFile; fileRef = 042D67ED210DBB7E00DF8FEF /* LoginController.swift */; };
		04577F3320EA94CC0057EA34 /* GenericTableViewController.swift in Sources */ = {isa = PBXBuildFile; fileRef = 04577F3220EA94CC0057EA34 /* GenericTableViewController.swift */; };
		04577F3520EA95BC0057EA34 /* BaseTableViewController.swift in Sources */ = {isa = PBXBuildFile; fileRef = 04577F3420EA95BC0057EA34 /* BaseTableViewController.swift */; };
		04A5DBEC210E206C00CF3B50 /* GoogleService-Info.plist in Resources */ = {isa = PBXBuildFile; fileRef = 04A5DBEB210E206C00CF3B50 /* GoogleService-Info.plist */; };
		04BFCF51209619C1001388DC /* AppDelegate.swift in Sources */ = {isa = PBXBuildFile; fileRef = 04BFCF50209619C1001388DC /* AppDelegate.swift */; };
		04BFCF53209619C1001388DC /* ViewController.swift in Sources */ = {isa = PBXBuildFile; fileRef = 04BFCF52209619C1001388DC /* ViewController.swift */; };
		04BFCF58209619C1001388DC /* Assets.xcassets in Resources */ = {isa = PBXBuildFile; fileRef = 04BFCF57209619C1001388DC /* Assets.xcassets */; };
		04BFCF5B209619C1001388DC /* LaunchScreen.storyboard in Resources */ = {isa = PBXBuildFile; fileRef = 04BFCF59209619C1001388DC /* LaunchScreen.storyboard */; };
		D0508F6DC3CEE5F7420F2900 /* Pods_gameofchat.framework in Frameworks */ = {isa = PBXBuildFile; fileRef = 8DECECDC6ACED945760B5B79 /* Pods_gameofchat.framework */; };
/* End PBXBuildFile section */

/* Begin PBXFileReference section */
		042D67E8210DB91400DF8FEF /* ViewController2.swift */ = {isa = PBXFileReference; lastKnownFileType = sourcecode.swift; path = ViewController2.swift; sourceTree = "<group>"; };
		042D67ED210DBB7E00DF8FEF /* LoginController.swift */ = {isa = PBXFileReference; lastKnownFileType = sourcecode.swift; path = LoginController.swift; sourceTree = "<group>"; };
		04577F3220EA94CC0057EA34 /* GenericTableViewController.swift */ = {isa = PBXFileReference; lastKnownFileType = sourcecode.swift; path = GenericTableViewController.swift; sourceTree = "<group>"; };
		04577F3420EA95BC0057EA34 /* BaseTableViewController.swift */ = {isa = PBXFileReference; lastKnownFileType = sourcecode.swift; path = BaseTableViewController.swift; sourceTree = "<group>"; };
		04A5DBEB210E206C00CF3B50 /* GoogleService-Info.plist */ = {isa = PBXFileReference; fileEncoding = 4; lastKnownFileType = text.plist.xml; path = "GoogleService-Info.plist"; sourceTree = "<group>"; };
		04BFCF4D209619C1001388DC /* gameofchat.app */ = {isa = PBXFileReference; explicitFileType = wrapper.application; includeInIndex = 0; path = gameofchat.app; sourceTree = BUILT_PRODUCTS_DIR; };
		04BFCF50209619C1001388DC /* AppDelegate.swift */ = {isa = PBXFileReference; lastKnownFileType = sourcecode.swift; path = AppDelegate.swift; sourceTree = "<group>"; };
		04BFCF52209619C1001388DC /* ViewController.swift */ = {isa = PBXFileReference; lastKnownFileType = sourcecode.swift; path = ViewController.swift; sourceTree = "<group>"; };
		04BFCF57209619C1001388DC /* Assets.xcassets */ = {isa = PBXFileReference; lastKnownFileType = folder.assetcatalog; path = Assets.xcassets; sourceTree = "<group>"; };
		04BFCF5A209619C1001388DC /* Base */ = {isa = PBXFileReference; lastKnownFileType = file.storyboard; name = Base; path = Base.lproj/LaunchScreen.storyboard; sourceTree = "<group>"; };
		04BFCF5C209619C1001388DC /* Info.plist */ = {isa = PBXFileReference; lastKnownFileType = text.plist.xml; path = Info.plist; sourceTree = "<group>"; };
		535455237906CF01F027FE45 /* Pods-gameofchat.debug.xcconfig */ = {isa = PBXFileReference; includeInIndex = 1; lastKnownFileType = text.xcconfig; name = "Pods-gameofchat.debug.xcconfig"; path = "Pods/Target Support Files/Pods-gameofchat/Pods-gameofchat.debug.xcconfig"; sourceTree = "<group>"; };
		7A733379BBD27715BAE2ACE0 /* Pods-gameofchat.release.xcconfig */ = {isa = PBXFileReference; includeInIndex = 1; lastKnownFileType = text.xcconfig; name = "Pods-gameofchat.release.xcconfig"; path = "Pods/Target Support Files/Pods-gameofchat/Pods-gameofchat.release.xcconfig"; sourceTree = "<group>"; };
		8DECECDC6ACED945760B5B79 /* Pods_gameofchat.framework */ = {isa = PBXFileReference; explicitFileType = wrapper.framework; includeInIndex = 0; path = Pods_gameofchat.framework; sourceTree = BUILT_PRODUCTS_DIR; };
/* End PBXFileReference section */

/* Begin PBXFrameworksBuildPhase section */
		04BFCF4A209619C1001388DC /* Frameworks */ = {
			isa = PBXFrameworksBuildPhase;
			buildActionMask = 2147483647;
			files = (
				D0508F6DC3CEE5F7420F2900 /* Pods_gameofchat.framework in Frameworks */,
			);
			runOnlyForDeploymentPostprocessing = 0;
		};
/* End PBXFrameworksBuildPhase section */

/* Begin PBXGroup section */
		042D67EA210DBA4100DF8FEF /* Controller */ = {
			isa = PBXGroup;
			children = (
				042D67E8210DB91400DF8FEF /* ViewController2.swift */,
				042D67ED210DBB7E00DF8FEF /* LoginController.swift */,
			);
			path = Controller;
			sourceTree = "<group>";
		};
		042D67EB210DBA7900DF8FEF /* DemoGeneric */ = {
			isa = PBXGroup;
			children = (
				04BFCF52209619C1001388DC /* ViewController.swift */,
				04577F3220EA94CC0057EA34 /* GenericTableViewController.swift */,
				04577F3420EA95BC0057EA34 /* BaseTableViewController.swift */,
			);
			path = DemoGeneric;
			sourceTree = "<group>";
		};
		042D67EC210DBAE600DF8FEF /* Helper */ = {
			isa = PBXGroup;
			children = (
				04BFCF50209619C1001388DC /* AppDelegate.swift */,
				04BFCF57209619C1001388DC /* Assets.xcassets */,
				04BFCF59209619C1001388DC /* LaunchScreen.storyboard */,
			);
			path = Helper;
			sourceTree = "<group>";
		};
		04BFCF44209619C1001388DC = {
			isa = PBXGroup;
			children = (
				04BFCF4F209619C1001388DC /* gameofchat */,
				04BFCF4E209619C1001388DC /* Products */,
				F48AA6CF3705DD7072067D73 /* Pods */,
				9993B2F17DF164861A4A4BED /* Frameworks */,
			);
			sourceTree = "<group>";
		};
		04BFCF4E209619C1001388DC /* Products */ = {
			isa = PBXGroup;
			children = (
				04BFCF4D209619C1001388DC /* gameofchat.app */,
			);
			name = Products;
			sourceTree = "<group>";
		};
		04BFCF4F209619C1001388DC /* gameofchat */ = {
			isa = PBXGroup;
			children = (
				042D67EA210DBA4100DF8FEF /* Controller */,
				042D67EB210DBA7900DF8FEF /* DemoGeneric */,
				042D67EC210DBAE600DF8FEF /* Helper */,
				04BFCF5C209619C1001388DC /* Info.plist */,
				04A5DBEB210E206C00CF3B50 /* GoogleService-Info.plist */,
			);
			path = gameofchat;
			sourceTree = "<group>";
		};
		9993B2F17DF164861A4A4BED /* Frameworks */ = {
			isa = PBXGroup;
			children = (
				8DECECDC6ACED945760B5B79 /* Pods_gameofchat.framework */,
			);
			name = Frameworks;
			sourceTree = "<group>";
		};
		F48AA6CF3705DD7072067D73 /* Pods */ = {
			isa = PBXGroup;
			children = (
				535455237906CF01F027FE45 /* Pods-gameofchat.debug.xcconfig */,
				7A733379BBD27715BAE2ACE0 /* Pods-gameofchat.release.xcconfig */,
			);
			name = Pods;
			sourceTree = "<group>";
		};
/* End PBXGroup section */

/* Begin PBXNativeTarget section */
		04BFCF4C209619C1001388DC /* gameofchat */ = {
			isa = PBXNativeTarget;
			buildConfigurationList = 04BFCF5F209619C1001388DC /* Build configuration list for PBXNativeTarget "gameofchat" */;
			buildPhases = (
				9075406E4BEA2FA95330ED9C /* [CP] Check Pods Manifest.lock */,
				04BFCF49209619C1001388DC /* Sources */,
				04BFCF4A209619C1001388DC /* Frameworks */,
				04BFCF4B209619C1001388DC /* Resources */,
				CE4FCE9DE8B15BC71C239409 /* [CP] Embed Pods Frameworks */,
				1398D3E9931ABEDCC6826E66 /* [CP] Copy Pods Resources */,
			);
			buildRules = (
			);
			dependencies = (
			);
			name = gameofchat;
			productName = gameofchat;
			productReference = 04BFCF4D209619C1001388DC /* gameofchat.app */;
			productType = "com.apple.product-type.application";
		};
/* End PBXNativeTarget section */

/* Begin PBXProject section */
		04BFCF45209619C1001388DC /* Project object */ = {
			isa = PBXProject;
			attributes = {
				LastSwiftUpdateCheck = 0920;
				LastUpgradeCheck = 0920;
				ORGANIZATIONNAME = MAC;
				TargetAttributes = {
					04BFCF4C209619C1001388DC = {
						CreatedOnToolsVersion = 9.2;
						ProvisioningStyle = Automatic;
					};
				};
			};
			buildConfigurationList = 04BFCF48209619C1001388DC /* Build configuration list for PBXProject "gameofchat" */;
			compatibilityVersion = "Xcode 8.0";
			developmentRegion = en;
			hasScannedForEncodings = 0;
			knownRegions = (
				en,
				Base,
			);
			mainGroup = 04BFCF44209619C1001388DC;
			productRefGroup = 04BFCF4E209619C1001388DC /* Products */;
			projectDirPath = "";
			projectRoot = "";
			targets = (
				04BFCF4C209619C1001388DC /* gameofchat */,
			);
		};
/* End PBXProject section */

/* Begin PBXResourcesBuildPhase section */
		04BFCF4B209619C1001388DC /* Resources */ = {
			isa = PBXResourcesBuildPhase;
			buildActionMask = 2147483647;
			files = (
				04BFCF5B209619C1001388DC /* LaunchScreen.storyboard in Resources */,
				04BFCF58209619C1001388DC /* Assets.xcassets in Resources */,
				04A5DBEC210E206C00CF3B50 /* GoogleService-Info.plist in Resources */,
			);
			runOnlyForDeploymentPostprocessing = 0;
		};
/* End PBXResourcesBuildPhase section */

/* Begin PBXShellScriptBuildPhase section */
		1398D3E9931ABEDCC6826E66 /* [CP] Copy Pods Resources */ = {
			isa = PBXShellScriptBuildPhase;
			buildActionMask = 2147483647;
			files = (
			);
			inputPaths = (
			);
			name = "[CP] Copy Pods Resources";
			outputPaths = (
			);
			runOnlyForDeploymentPostprocessing = 0;
			shellPath = /bin/sh;
			shellScript = "\"${SRCROOT}/Pods/Target Support Files/Pods-gameofchat/Pods-gameofchat-resources.sh\"\n";
			showEnvVarsInLog = 0;
		};
		9075406E4BEA2FA95330ED9C /* [CP] Check Pods Manifest.lock */ = {
			isa = PBXShellScriptBuildPhase;
			buildActionMask = 2147483647;
			files = (
			);
			inputPaths = (
				"${PODS_PODFILE_DIR_PATH}/Podfile.lock",
				"${PODS_ROOT}/Manifest.lock",
			);
			name = "[CP] Check Pods Manifest.lock";
			outputPaths = (
				"$(DERIVED_FILE_DIR)/Pods-gameofchat-checkManifestLockResult.txt",
			);
			runOnlyForDeploymentPostprocessing = 0;
			shellPath = /bin/sh;
			shellScript = "diff \"${PODS_PODFILE_DIR_PATH}/Podfile.lock\" \"${PODS_ROOT}/Manifest.lock\" > /dev/null\nif [ $? != 0 ] ; then\n    # print error to STDERR\n    echo \"error: The sandbox is not in sync with the Podfile.lock. Run 'pod install' or update your CocoaPods installation.\" >&2\n    exit 1\nfi\n# This output is used by Xcode 'outputs' to avoid re-running this script phase.\necho \"SUCCESS\" > \"${SCRIPT_OUTPUT_FILE_0}\"\n";
			showEnvVarsInLog = 0;
		};
		CE4FCE9DE8B15BC71C239409 /* [CP] Embed Pods Frameworks */ = {
			isa = PBXShellScriptBuildPhase;
			buildActionMask = 2147483647;
			files = (
			);
			inputPaths = (
				"${SRCROOT}/Pods/Target Support Files/Pods-gameofchat/Pods-gameofchat-frameworks.sh",
				"${BUILT_PRODUCTS_DIR}/GTMSessionFetcher/GTMSessionFetcher.framework",
				"${BUILT_PRODUCTS_DIR}/GoogleToolboxForMac/GoogleToolboxForMac.framework",
				"${BUILT_PRODUCTS_DIR}/leveldb-library/leveldb.framework",
				"${BUILT_PRODUCTS_DIR}/nanopb/nanopb.framework",
			);
			name = "[CP] Embed Pods Frameworks";
			outputPaths = (
				"${TARGET_BUILD_DIR}/${FRAMEWORKS_FOLDER_PATH}/GTMSessionFetcher.framework",
				"${TARGET_BUILD_DIR}/${FRAMEWORKS_FOLDER_PATH}/GoogleToolboxForMac.framework",
				"${TARGET_BUILD_DIR}/${FRAMEWORKS_FOLDER_PATH}/leveldb.framework",
				"${TARGET_BUILD_DIR}/${FRAMEWORKS_FOLDER_PATH}/nanopb.framework",
			);
			runOnlyForDeploymentPostprocessing = 0;
			shellPath = /bin/sh;
			shellScript = "\"${SRCROOT}/Pods/Target Support Files/Pods-gameofchat/Pods-gameofchat-frameworks.sh\"\n";
			showEnvVarsInLog = 0;
		};
/* End PBXShellScriptBuildPhase section */

/* Begin PBXSourcesBuildPhase section */
		04BFCF49209619C1001388DC /* Sources */ = {
			isa = PBXSourcesBuildPhase;
			buildActionMask = 2147483647;
			files = (
				042D67EE210DBB7E00DF8FEF /* LoginController.swift in Sources */,
				04BFCF53209619C1001388DC /* ViewController.swift in Sources */,
				04577F3320EA94CC0057EA34 /* GenericTableViewController.swift in Sources */,
				04577F3520EA95BC0057EA34 /* BaseTableViewController.swift in Sources */,
				042D67E9210DB91400DF8FEF /* ViewController2.swift in Sources */,
				04BFCF51209619C1001388DC /* AppDelegate.swift in Sources */,
			);
			runOnlyForDeploymentPostprocessing = 0;
		};
/* End PBXSourcesBuildPhase section */

/* Begin PBXVariantGroup section */
		04BFCF59209619C1001388DC /* LaunchScreen.storyboard */ = {
			isa = PBXVariantGroup;
			children = (
				04BFCF5A209619C1001388DC /* Base */,
			);
			name = LaunchScreen.storyboard;
			sourceTree = "<group>";
		};
/* End PBXVariantGroup section */

/* Begin XCBuildConfiguration section */
		04BFCF5D209619C1001388DC /* Debug */ = {
			isa = XCBuildConfiguration;
			buildSettings = {
				ALWAYS_SEARCH_USER_PATHS = NO;
				CLANG_ANALYZER_NONNULL = YES;
				CLANG_ANALYZER_NUMBER_OBJECT_CONVERSION = YES_AGGRESSIVE;
				CLANG_CXX_LANGUAGE_STANDARD = "gnu++14";
				CLANG_CXX_LIBRARY = "libc++";
				CLANG_ENABLE_MODULES = YES;
				CLANG_ENABLE_OBJC_ARC = YES;
				CLANG_WARN_BLOCK_CAPTURE_AUTORELEASING = YES;
				CLANG_WARN_BOOL_CONVERSION = YES;
				CLANG_WARN_COMMA = YES;
				CLANG_WARN_CONSTANT_CONVERSION = YES;
				CLANG_WARN_DIRECT_OBJC_ISA_USAGE = YES_ERROR;
				CLANG_WARN_DOCUMENTATION_COMMENTS = YES;
				CLANG_WARN_EMPTY_BODY = YES;
				CLANG_WARN_ENUM_CONVERSION = YES;
				CLANG_WARN_INFINITE_RECURSION = YES;
				CLANG_WARN_INT_CONVERSION = YES;
				CLANG_WARN_NON_LITERAL_NULL_CONVERSION = YES;
				CLANG_WARN_OBJC_LITERAL_CONVERSION = YES;
				CLANG_WARN_OBJC_ROOT_CLASS = YES_ERROR;
				CLANG_WARN_RANGE_LOOP_ANALYSIS = YES;
				CLANG_WARN_STRICT_PROTOTYPES = YES;
				CLANG_WARN_SUSPICIOUS_MOVE = YES;
				CLANG_WARN_UNGUARDED_AVAILABILITY = YES_AGGRESSIVE;
				CLANG_WARN_UNREACHABLE_CODE = YES;
				CLANG_WARN__DUPLICATE_METHOD_MATCH = YES;
				CODE_SIGN_IDENTITY = "iPhone Developer";
				COPY_PHASE_STRIP = NO;
				DEBUG_INFORMATION_FORMAT = dwarf;
				ENABLE_STRICT_OBJC_MSGSEND = YES;
				ENABLE_TESTABILITY = YES;
				GCC_C_LANGUAGE_STANDARD = gnu11;
				GCC_DYNAMIC_NO_PIC = NO;
				GCC_NO_COMMON_BLOCKS = YES;
				GCC_OPTIMIZATION_LEVEL = 0;
				GCC_PREPROCESSOR_DEFINITIONS = (
					"DEBUG=1",
					"$(inherited)",
				);
				GCC_WARN_64_TO_32_BIT_CONVERSION = YES;
				GCC_WARN_ABOUT_RETURN_TYPE = YES_ERROR;
				GCC_WARN_UNDECLARED_SELECTOR = YES;
				GCC_WARN_UNINITIALIZED_AUTOS = YES_AGGRESSIVE;
				GCC_WARN_UNUSED_FUNCTION = YES;
				GCC_WARN_UNUSED_VARIABLE = YES;
				IPHONEOS_DEPLOYMENT_TARGET = 11.2;
				MTL_ENABLE_DEBUG_INFO = YES;
				ONLY_ACTIVE_ARCH = YES;
				SDKROOT = iphoneos;
				SWIFT_ACTIVE_COMPILATION_CONDITIONS = DEBUG;
				SWIFT_OPTIMIZATION_LEVEL = "-Onone";
			};
			name = Debug;
		};
		04BFCF5E209619C1001388DC /* Release */ = {
			isa = XCBuildConfiguration;
			buildSettings = {
				ALWAYS_SEARCH_USER_PATHS = NO;
				CLANG_ANALYZER_NONNULL = YES;
				CLANG_ANALYZER_NUMBER_OBJECT_CONVERSION = YES_AGGRESSIVE;
				CLANG_CXX_LANGUAGE_STANDARD = "gnu++14";
				CLANG_CXX_LIBRARY = "libc++";
				CLANG_ENABLE_MODULES = YES;
				CLANG_ENABLE_OBJC_ARC = YES;
				CLANG_WARN_BLOCK_CAPTURE_AUTORELEASING = YES;
				CLANG_WARN_BOOL_CONVERSION = YES;
				CLANG_WARN_COMMA = YES;
				CLANG_WARN_CONSTANT_CONVERSION = YES;
				CLANG_WARN_DIRECT_OBJC_ISA_USAGE = YES_ERROR;
				CLANG_WARN_DOCUMENTATION_COMMENTS = YES;
				CLANG_WARN_EMPTY_BODY = YES;
				CLANG_WARN_ENUM_CONVERSION = YES;
				CLANG_WARN_INFINITE_RECURSION = YES;
				CLANG_WARN_INT_CONVERSION = YES;
				CLANG_WARN_NON_LITERAL_NULL_CONVERSION = YES;
				CLANG_WARN_OBJC_LITERAL_CONVERSION = YES;
				CLANG_WARN_OBJC_ROOT_CLASS = YES_ERROR;
				CLANG_WARN_RANGE_LOOP_ANALYSIS = YES;
				CLANG_WARN_STRICT_PROTOTYPES = YES;
				CLANG_WARN_SUSPICIOUS_MOVE = YES;
				CLANG_WARN_UNGUARDED_AVAILABILITY = YES_AGGRESSIVE;
				CLANG_WARN_UNREACHABLE_CODE = YES;
				CLANG_WARN__DUPLICATE_METHOD_MATCH = YES;
				CODE_SIGN_IDENTITY = "iPhone Developer";
				COPY_PHASE_STRIP = NO;
				DEBUG_INFORMATION_FORMAT = "dwarf-with-dsym";
				ENABLE_NS_ASSERTIONS = NO;
				ENABLE_STRICT_OBJC_MSGSEND = YES;
				GCC_C_LANGUAGE_STANDARD = gnu11;
				GCC_NO_COMMON_BLOCKS = YES;
				GCC_WARN_64_TO_32_BIT_CONVERSION = YES;
				GCC_WARN_ABOUT_RETURN_TYPE = YES_ERROR;
				GCC_WARN_UNDECLARED_SELECTOR = YES;
				GCC_WARN_UNINITIALIZED_AUTOS = YES_AGGRESSIVE;
				GCC_WARN_UNUSED_FUNCTION = YES;
				GCC_WARN_UNUSED_VARIABLE = YES;
				IPHONEOS_DEPLOYMENT_TARGET = 11.2;
				MTL_ENABLE_DEBUG_INFO = NO;
				SDKROOT = iphoneos;
				SWIFT_OPTIMIZATION_LEVEL = "-Owholemodule";
				VALIDATE_PRODUCT = YES;
			};
			name = Release;
		};
		04BFCF60209619C1001388DC /* Debug */ = {
			isa = XCBuildConfiguration;
			baseConfigurationReference = 535455237906CF01F027FE45 /* Pods-gameofchat.debug.xcconfig */;
			buildSettings = {
				ASSETCATALOG_COMPILER_APPICON_NAME = AppIcon;
				CODE_SIGN_STYLE = Automatic;
				DEVELOPMENT_TEAM = 68855R4HVL;
				INFOPLIST_FILE = gameofchat/Info.plist;
				LD_RUNPATH_SEARCH_PATHS = "$(inherited) @executable_path/Frameworks";
				PRODUCT_BUNDLE_IDENTIFIER = asianTech.gameofchat;
				PRODUCT_NAME = "$(TARGET_NAME)";
				SWIFT_VERSION = 4.0;
				TARGETED_DEVICE_FAMILY = "1,2";
			};
			name = Debug;
		};
		04BFCF61209619C1001388DC /* Release */ = {
			isa = XCBuildConfiguration;
			baseConfigurationReference = 7A733379BBD27715BAE2ACE0 /* Pods-gameofchat.release.xcconfig */;
			buildSettings = {
				ASSETCATALOG_COMPILER_APPICON_NAME = AppIcon;
				CODE_SIGN_STYLE = Automatic;
				DEVELOPMENT_TEAM = 68855R4HVL;
				INFOPLIST_FILE = gameofchat/Info.plist;
				LD_RUNPATH_SEARCH_PATHS = "$(inherited) @executable_path/Frameworks";
				PRODUCT_BUNDLE_IDENTIFIER = asianTech.gameofchat;
				PRODUCT_NAME = "$(TARGET_NAME)";
				SWIFT_VERSION = 4.0;
				TARGETED_DEVICE_FAMILY = "1,2";
			};
			name = Release;
		};
/* End XCBuildConfiguration section */

/* Begin XCConfigurationList section */
		04BFCF48209619C1001388DC /* Build configuration list for PBXProject "gameofchat" */ = {
			isa = XCConfigurationList;
			buildConfigurations = (
				04BFCF5D209619C1001388DC /* Debug */,
				04BFCF5E209619C1001388DC /* Release */,
			);
			defaultConfigurationIsVisible = 0;
			defaultConfigurationName = Release;
		};
		04BFCF5F209619C1001388DC /* Build configuration list for PBXNativeTarget "gameofchat" */ = {
			isa = XCConfigurationList;
			buildConfigurations = (
				04BFCF60209619C1001388DC /* Debug */,
				04BFCF61209619C1001388DC /* Release */,
			);
			defaultConfigurationIsVisible = 0;
			defaultConfigurationName = Release;
		};
/* End XCConfigurationList section */
	};
	rootObject = 04BFCF45209619C1001388DC /* Project object */;
}
